
Microsoft Visual Studio Solution File, Format Version 12.00
# Visual Studio Version 17
VisualStudioVersion = 17.14.37111.16 d17.14
MinimumVisualStudioVersion = 10.0.40219.1
Project("{FAE04EC0-301F-11D3-BF4B-00C04F79EFBC}") = "MultiArchTest", "MultiArchTest\MultiArchTest.csproj", "{FE0262CD-CEFB-4FD2-8EAF-6D54C7D44FDB}"
EndProject
Global
	GlobalSection(SolutionConfigurationPlatforms) = preSolution
		Debug|Any CPU = Debug|Any CPU
		Release|Any CPU = Release|Any CPU
	EndGlobalSection
	GlobalSection(ProjectConfigurationPlatforms) = postSolution
		{FE0262CD-CEFB-4FD2-8EAF-6D54C7D44FDB}.Debug|Any CPU.ActiveCfg = Debug|Any CPU
		{FE0262CD-CEFB-4FD2-8EAF-6D54C7D44FDB}.Debug|Any CPU.Build.0 = Debug|Any CPU
		{FE0262CD-CEFB-4FD2-8EAF-6D54C7D44FDB}.Release|Any CPU.ActiveCfg = Release|Any CPU
		{FE0262CD-CEFB-4FD2-8EAF-6D54C7D44FDB}.Release|Any CPU.Build.0 = Release|Any CPU
	EndGlobalSection
	GlobalSection(SolutionProperties) = preSolution
		HideSolutionNode = FALSE
	EndGlobalSection
	GlobalSection(ExtensibilityGlobals) = postSolution
		SolutionGuid = {932E7B53-5ED7-403F-BCE1-86E490A55E2D}
	EndGlobalSection
EndGlobal
